
Microsoft Visual Studio Solution File, Format Version 12.00
# Visual Studio Version 16
VisualStudioVersion = 16.0.31005.135
MinimumVisualStudioVersion = 15.0.26124.0
Project("{FAE04EC0-301F-11D3-BF4B-00C04F79EFBC}") = "ProjectA", "ProjectA\ProjectA.csproj", "{86E80E68-BCD0-41A8-8495-621C6E47E46F}"
EndProject
Project("{FAE04EC0-301F-11D3-BF4B-00C04F79EFBC}") = "ProjectB", "..\ProjectB\ProjectB.csproj", "{AD00FD32-C065-4878-8DEB-4C4022B7FEA2}"
EndProject
Global
	GlobalSection(SolutionConfigurationPlatforms) = preSolution
		Debug|Any CPU = Debug|Any CPU
		Debug|x64 = Debug|x64
		Debug|x86 = Debug|x86
		Release|Any CPU = Release|Any CPU
		Release|x64 = Release|x64
		Release|x86 = Release|x86
	EndGlobalSection
	GlobalSection(ProjectConfigurationPlatforms) = postSolution
		{86E80E68-BCD0-41A8-8495-621C6E47E46F}.Debug|Any CPU.ActiveCfg = Debug|Any CPU
		{86E80E68-BCD0-41A8-8495-621C6E47E46F}.Debug|Any CPU.Build.0 = Debug|Any CPU
		{86E80E68-BCD0-41A8-8495-621C6E47E46F}.Debug|x64.ActiveCfg = Debug|Any CPU
		{86E80E68-BCD0-41A8-8495-621C6E47E46F}.Debug|x64.Build.0 = Debug|Any CPU
		{86E80E68-BCD0-41A8-8495-621C6E47E46F}.Debug|x86.ActiveCfg = Debug|Any CPU
		{86E80E68-BCD0-41A8-8495-621C6E47E46F}.Debug|x86.Build.0 = Debug|Any CPU
		{86E80E68-BCD0-41A8-8495-621C6E47E46F}.Release|Any CPU.ActiveCfg = Release|Any CPU
		{86E80E68-BCD0-41A8-8495-621C6E47E46F}.Release|Any CPU.Build.0 = Release|Any CPU
		{86E80E68-BCD0-41A8-8495-621C6E47E46F}.Release|x64.ActiveCfg = Release|Any CPU
		{86E80E68-BCD0-41A8-8495-621C6E47E46F}.Release|x64.Build.0 = Release|Any CPU
		{86E80E68-BCD0-41A8-8495-621C6E47E46F}.Release|x86.ActiveCfg = Release|Any CPU
		{86E80E68-BCD0-41A8-8495-621C6E47E46F}.Release|x86.Build.0 = Release|Any CPU
		{AD00FD32-C065-4878-8DEB-4C4022B7FEA2}.Debug|Any CPU.ActiveCfg = Debug|Any CPU
		{AD00FD32-C065-4878-8DEB-4C4022B7FEA2}.Debug|Any CPU.Build.0 = Debug|Any CPU
		{AD00FD32-C065-4878-8DEB-4C4022B7FEA2}.Debug|x64.ActiveCfg = Debug|Any CPU
		{AD00FD32-C065-4878-8DEB-4C4022B7FEA2}.Debug|x64.Build.0 = Debug|Any CPU
		{AD00FD32-C065-4878-8DEB-4C4022B7FEA2}.Debug|x86.ActiveCfg = Debug|Any CPU
		{AD00FD32-C065-4878-8DEB-4C4022B7FEA2}.Debug|x86.Build.0 = Debug|Any CPU
		{AD00FD32-C065-4878-8DEB-4C4022B7FEA2}.Release|Any CPU.ActiveCfg = Release|Any CPU
		{AD00FD32-C065-4878-8DEB-4C4022B7FEA2}.Release|Any CPU.Build.0 = Release|Any CPU
		{AD00FD32-C065-4878-8DEB-4C4022B7FEA2}.Release|x64.ActiveCfg = Release|Any CPU
		{AD00FD32-C065-4878-8DEB-4C4022B7FEA2}.Release|x64.Build.0 = Release|Any CPU
		{AD00FD32-C065-4878-8DEB-4C4022B7FEA2}.Release|x86.ActiveCfg = Release|Any CPU
		{AD00FD32-C065-4878-8DEB-4C4022B7FEA2}.Release|x86.Build.0 = Release|Any CPU
	EndGlobalSection
	GlobalSection(SolutionProperties) = preSolution
		HideSolutionNode = FALSE
	EndGlobalSection
	GlobalSection(ExtensibilityGlobals) = postSolution
		SolutionGuid = {F33C9768-C540-4BF6-899D-77C06E551209}
	EndGlobalSection
EndGlobal
