
Microsoft Visual Studio Solution File, Format Version 12.00
# Visual Studio Version 16
VisualStudioVersion = 16.0.30907.101
MinimumVisualStudioVersion = 15.0.26124.0
Project("{9A19103F-16F7-4668-BE54-9A1E7A4F7556}") = "ProjectA", "ProjectA\ProjectA.csproj", "{95FEC749-1E25-45B7-8876-EED85AA53F47}"
EndProject
Project("{9A19103F-16F7-4668-BE54-9A1E7A4F7556}") = "ProjectB", "ProjectB\ProjectB.csproj", "{D8665056-C629-48B9-A115-F712A91F63D1}"
EndProject
Project("{2150E333-8FDC-42A3-9474-1A3956D46DE8}") = "Solution Items", "Solution Items", "{90CA9DEF-7B85-48E5-B0D9-E2178ABA53BD}"
	ProjectSection(SolutionItems) = preProject
		docker-compose.yml = docker-compose.yml
	EndProjectSection
EndProject
Global
	GlobalSection(SolutionConfigurationPlatforms) = preSolution
		Debug|Any CPU = Debug|Any CPU
		Debug|x64 = Debug|x64
		Debug|x86 = Debug|x86
		Release|Any CPU = Release|Any CPU
		Release|x64 = Release|x64
		Release|x86 = Release|x86
	EndGlobalSection
	GlobalSection(ProjectConfigurationPlatforms) = postSolution
		{95FEC749-1E25-45B7-8876-EED85AA53F47}.Debug|Any CPU.ActiveCfg = Debug|Any CPU
		{95FEC749-1E25-45B7-8876-EED85AA53F47}.Debug|Any CPU.Build.0 = Debug|Any CPU
		{95FEC749-1E25-45B7-8876-EED85AA53F47}.Debug|x64.ActiveCfg = Debug|Any CPU
		{95FEC749-1E25-45B7-8876-EED85AA53F47}.Debug|x64.Build.0 = Debug|Any CPU
		{95FEC749-1E25-45B7-8876-EED85AA53F47}.Debug|x86.ActiveCfg = Debug|Any CPU
		{95FEC749-1E25-45B7-8876-EED85AA53F47}.Debug|x86.Build.0 = Debug|Any CPU
		{95FEC749-1E25-45B7-8876-EED85AA53F47}.Release|Any CPU.ActiveCfg = Release|Any CPU
		{95FEC749-1E25-45B7-8876-EED85AA53F47}.Release|Any CPU.Build.0 = Release|Any CPU
		{95FEC749-1E25-45B7-8876-EED85AA53F47}.Release|x64.ActiveCfg = Release|Any CPU
		{95FEC749-1E25-45B7-8876-EED85AA53F47}.Release|x64.Build.0 = Release|Any CPU
		{95FEC749-1E25-45B7-8876-EED85AA53F47}.Release|x86.ActiveCfg = Release|Any CPU
		{95FEC749-1E25-45B7-8876-EED85AA53F47}.Release|x86.Build.0 = Release|Any CPU
		{D8665056-C629-48B9-A115-F712A91F63D1}.Debug|Any CPU.ActiveCfg = Debug|Any CPU
		{D8665056-C629-48B9-A115-F712A91F63D1}.Debug|Any CPU.Build.0 = Debug|Any CPU
		{D8665056-C629-48B9-A115-F712A91F63D1}.Debug|x64.ActiveCfg = Debug|Any CPU
		{D8665056-C629-48B9-A115-F712A91F63D1}.Debug|x64.Build.0 = Debug|Any CPU
		{D8665056-C629-48B9-A115-F712A91F63D1}.Debug|x86.ActiveCfg = Debug|Any CPU
		{D8665056-C629-48B9-A115-F712A91F63D1}.Debug|x86.Build.0 = Debug|Any CPU
		{D8665056-C629-48B9-A115-F712A91F63D1}.Release|Any CPU.ActiveCfg = Release|Any CPU
		{D8665056-C629-48B9-A115-F712A91F63D1}.Release|Any CPU.Build.0 = Release|Any CPU
		{D8665056-C629-48B9-A115-F712A91F63D1}.Release|x64.ActiveCfg = Release|Any CPU
		{D8665056-C629-48B9-A115-F712A91F63D1}.Release|x64.Build.0 = Release|Any CPU
		{D8665056-C629-48B9-A115-F712A91F63D1}.Release|x86.ActiveCfg = Release|Any CPU
		{D8665056-C629-48B9-A115-F712A91F63D1}.Release|x86.Build.0 = Release|Any CPU
	EndGlobalSection
	GlobalSection(SolutionProperties) = preSolution
		HideSolutionNode = FALSE
	EndGlobalSection
	GlobalSection(ExtensibilityGlobals) = postSolution
		SolutionGuid = {7A509B31-DC04-4CD3-95E3-2F0E6D5C3107}
	EndGlobalSection
EndGlobal
